
Microsoft Visual Studio Solution File, Format Version 12.00
# Visual Studio Version 17
VisualStudioVersion = 17.3.32825.248
MinimumVisualStudioVersion = 10.0.40219.1
Project("{FAE04EC0-301F-11D3-BF4B-00C04F79EFBC}") = "File Manager Server", "File Manager Server\File Manager Server.csproj", "{88EAB47B-1BF4-44CA-BDBA-2669C21C9EEB}"
EndProject
Global
	GlobalSection(SolutionConfigurationPlatforms) = preSolution
		Debug|Any CPU = Debug|Any CPU
		Release|Any CPU = Release|Any CPU
	EndGlobalSection
	GlobalSection(ProjectConfigurationPlatforms) = postSolution
		{88EAB47B-1BF4-44CA-BDBA-2669C21C9EEB}.Debug|Any CPU.ActiveCfg = Debug|Any CPU
		{88EAB47B-1BF4-44CA-BDBA-2669C21C9EEB}.Debug|Any CPU.Build.0 = Debug|Any CPU
		{88EAB47B-1BF4-44CA-BDBA-2669C21C9EEB}.Release|Any CPU.ActiveCfg = Release|Any CPU
		{88EAB47B-1BF4-44CA-BDBA-2669C21C9EEB}.Release|Any CPU.Build.0 = Release|Any CPU
	EndGlobalSection
	GlobalSection(SolutionProperties) = preSolution
		HideSolutionNode = FALSE
	EndGlobalSection
	GlobalSection(ExtensibilityGlobals) = postSolution
		SolutionGuid = {DFA96BA8-6B1D-4A13-840B-B9AB70943EDC}
	EndGlobalSection
EndGlobal
